{
  "name": "workload",
  "lockfileVersion": 2,
  "requires": true,
  "packages": {
    "": {
      "dependencies": {
        "mongodb": "4.8"
      }
    },
    "node_modules/@types/node": {
      "version": "18.0.6",
      "resolved": "http://artifactory.corp.mongodb.com/artifactory/api/npm/npm/@types/node/-/node-18.0.6.tgz",
      "integrity": "sha1-C6SaxRetaavnoVCLybOlSD351dc=",
      "license": "MIT"
    },
    "node_modules/@types/webidl-conversions": {
      "version": "6.1.1",
      "resolved": "http://artifactory.corp.mongodb.com/artifactory/api/npm/npm/@types/webidl-conversions/-/webidl-conversions-6.1.1.tgz",
      "integrity": "sha1-4zvI6oEqAfY/kEgcZmM0hEsSoJ4=",
      "license": "MIT"
    },
    "node_modules/@types/whatwg-url": {
      "version": "8.2.2",
      "resolved": "http://artifactory.corp.mongodb.com/artifactory/api/npm/npm/@types/whatwg-url/-/whatwg-url-8.2.2.tgz",
      "integrity": "sha1-dJ1bOHPoRYl62pm+REgEHUzDnmM=",
      "license": "MIT",
      "dependencies": {
        "@types/node": "*",
        "@types/webidl-conversions": "*"
      }
    },
    "node_modules/base64-js": {
      "version": "1.5.1",
      "resolved": "http://artifactory.corp.mongodb.com/artifactory/api/npm/npm/base64-js/-/base64-js-1.5.1.tgz",
      "integrity": "sha1-GxtEAWClv3rUC2UPCVljSBkDkwo=",
      "funding": [
        {
          "type": "github",
          "url": "https://github.com/sponsors/feross"
        },
        {
          "type": "patreon",
          "url": "https://www.patreon.com/feross"
        },
        {
          "type": "consulting",
          "url": "https://feross.org/support"
        }
      ],
      "license": "MIT"
    },
    "node_modules/bson": {
      "version": "4.6.5",
      "resolved": "http://artifactory.corp.mongodb.com/artifactory/api/npm/npm/bson/-/bson-4.6.5.tgz",
      "integrity": "sha1-GkEBSMIO705A1ISHigN6cDboQPs=",
      "license": "Apache-2.0",
      "dependencies": {
        "buffer": "^5.6.0"
      },
      "engines": {
        "node": ">=6.9.0"
      }
    },
    "node_modules/buffer": {
      "version": "5.7.1",
      "resolved": "http://artifactory.corp.mongodb.com/artifactory/api/npm/npm/buffer/-/buffer-5.7.1.tgz",
      "integrity": "sha1-umLnwTEzBTWCGXFghRqPZI6Z7tA=",
      "funding": [
        {
          "type": "github",
          "url": "https://github.com/sponsors/feross"
        },
        {
          "type": "patreon",
          "url": "https://www.patreon.com/feross"
        },
        {
          "type": "consulting",
          "url": "https://feross.org/support"
        }
      ],
      "license": "MIT",
      "dependencies": {
        "base64-js": "^1.3.1",
        "ieee754": "^1.1.13"
      }
    },
    "node_modules/denque": {
      "version": "2.1.0",
      "resolved": "http://artifactory.corp.mongodb.com/artifactory/api/npm/npm/denque/-/denque-2.1.0.tgz",
      "integrity": "sha1-6T4aZWn7XmbxajwqKWRhfTSdarE=",
      "license": "Apache-2.0",
      "engines": {
        "node": ">=0.10"
      }
    },
    "node_modules/ieee754": {
      "version": "1.2.1",
      "resolved": "http://artifactory.corp.mongodb.com/artifactory/api/npm/npm/ieee754/-/ieee754-1.2.1.tgz",
      "integrity": "sha1-jrehCmP/8l0VpXsAFYbRd9Gw01I=",
      "funding": [
        {
          "type": "github",
          "url": "https://github.com/sponsors/feross"
        },
        {
          "type": "patreon",
          "url": "https://www.patreon.com/feross"
        },
        {
          "type": "consulting",
          "url": "https://feross.org/support"
        }
      ],
      "license": "BSD-3-Clause"
    },
    "node_modules/ip": {
      "version": "2.0.0",
      "resolved": "http://artifactory.corp.mongodb.com/artifactory/api/npm/npm/ip/-/ip-2.0.0.tgz",
      "integrity": "sha1-TPSrGC/uIxTHXt4SdvjIC0eZNto=",
      "license": "MIT"
    },
    "node_modules/memory-pager": {
      "version": "1.5.0",
      "resolved": "http://artifactory.corp.mongodb.com/artifactory/api/npm/npm/memory-pager/-/memory-pager-1.5.0.tgz",
      "integrity": "sha1-2HUWVdItOEaCdByXLyw9bfo+ZrU=",
      "license": "MIT",
      "optional": true
    },
    "node_modules/mongodb": {
      "version": "4.8.0",
      "resolved": "http://artifactory.corp.mongodb.com/artifactory/api/npm/npm/mongodb/-/mongodb-4.8.0.tgz",
      "integrity": "sha1-gofIW0N4HAQsJy0A/zoUO2hphnE=",
      "license": "Apache-2.0",
      "dependencies": {
        "bson": "^4.6.5",
        "denque": "^2.0.1",
        "mongodb-connection-string-url": "^2.5.2",
        "socks": "^2.6.2"
      },
      "engines": {
        "node": ">=12.9.0"
      },
      "optionalDependencies": {
        "saslprep": "^1.0.3"
      }
    },
    "node_modules/mongodb-connection-string-url": {
      "version": "2.5.2",
      "resolved": "http://artifactory.corp.mongodb.com/artifactory/api/npm/npm/mongodb-connection-string-url/-/mongodb-connection-string-url-2.5.2.tgz",
      "integrity": "sha1-8HXI1Sno05FjhgGLijlq7U8W5e0=",
      "license": "Apache-2.0",
      "dependencies": {
        "@types/whatwg-url": "^8.2.1",
        "whatwg-url": "^11.0.0"
      }
    },
    "node_modules/punycode": {
      "version": "2.1.1",
      "resolved": "http://artifactory.corp.mongodb.com/artifactory/api/npm/npm/punycode/-/punycode-2.1.1.tgz",
      "integrity": "sha1-tYsBCsQMIsVldhbI0sLALHv0eew=",
      "license": "MIT",
      "engines": {
        "node": ">=6"
      }
    },
    "node_modules/saslprep": {
      "version": "1.0.3",
      "resolved": "http://artifactory.corp.mongodb.com/artifactory/api/npm/npm/saslprep/-/saslprep-1.0.3.tgz",
      "integrity": "sha1-TAL5RrVs9UKX40e6EJPnrKxM8iY=",
      "license": "MIT",
      "optional": true,
      "dependencies": {
        "sparse-bitfield": "^3.0.3"
      },
      "engines": {
        "node": ">=6"
      }
    },
    "node_modules/smart-buffer": {
      "version": "4.2.0",
      "resolved": "http://artifactory.corp.mongodb.com/artifactory/api/npm/npm/smart-buffer/-/smart-buffer-4.2.0.tgz",
      "integrity": "sha1-bh1x+k8YwF99D/IW3RakgdDo2a4=",
      "license": "MIT",
      "engines": {
        "node": ">= 6.0.0",
        "npm": ">= 3.0.0"
      }
    },
    "node_modules/socks": {
      "version": "2.7.0",
      "resolved": "http://artifactory.corp.mongodb.com/artifactory/api/npm/npm/socks/-/socks-2.7.0.tgz",
      "integrity": "sha1-+SJazbhB6HTcol+HDpEwmQ85E9A=",
      "license": "MIT",
      "dependencies": {
        "ip": "^2.0.0",
        "smart-buffer": "^4.2.0"
      },
      "engines": {
        "node": ">= 10.13.0",
        "npm": ">= 3.0.0"
      }
    },
    "node_modules/sparse-bitfield": {
      "version": "3.0.3",
      "resolved": "http://artifactory.corp.mongodb.com/artifactory/api/npm/npm/sparse-bitfield/-/sparse-bitfield-3.0.3.tgz",
      "integrity": "sha1-/0rm5oZWBWuks+eSqzM004JzyhE=",
      "license": "MIT",
      "optional": true,
      "dependencies": {
        "memory-pager": "^1.0.2"
      }
    },
    "node_modules/tr46": {
      "version": "3.0.0",
      "resolved": "http://artifactory.corp.mongodb.com/artifactory/api/npm/npm/tr46/-/tr46-3.0.0.tgz",
      "integrity": "sha1-VVxOKXqVBhfo7t3vYzyH1NnWy/k=",
      "license": "MIT",
      "dependencies": {
        "punycode": "^2.1.1"
      },
      "engines": {
        "node": ">=12"
      }
    },
    "node_modules/webidl-conversions": {
      "version": "7.0.0",
      "resolved": "http://artifactory.corp.mongodb.com/artifactory/api/npm/npm/webidl-conversions/-/webidl-conversions-7.0.0.tgz",
      "integrity": "sha1-JWtOGIK+feu/AdBfCqIDl3jqCAo=",
      "license": "BSD-2-Clause",
      "engines": {
        "node": ">=12"
      }
    },
    "node_modules/whatwg-url": {
      "version": "11.0.0",
      "resolved": "http://artifactory.corp.mongodb.com/artifactory/api/npm/npm/whatwg-url/-/whatwg-url-11.0.0.tgz",
      "integrity": "sha1-CoSe67X68hGbkBu3b9eVwoSNQBg=",
      "license": "MIT",
      "dependencies": {
        "tr46": "^3.0.0",
        "webidl-conversions": "^7.0.0"
      },
      "engines": {
        "node": ">=12"
      }
    }
  },
  "dependencies": {
    "@types/node": {
      "version": "18.0.6",
      "resolved": "http://artifactory.corp.mongodb.com/artifactory/api/npm/npm/@types/node/-/node-18.0.6.tgz",
      "integrity": "sha1-C6SaxRetaavnoVCLybOlSD351dc="
    },
    "@types/webidl-conversions": {
      "version": "6.1.1",
      "resolved": "http://artifactory.corp.mongodb.com/artifactory/api/npm/npm/@types/webidl-conversions/-/webidl-conversions-6.1.1.tgz",
      "integrity": "sha1-4zvI6oEqAfY/kEgcZmM0hEsSoJ4="
    },
    "@types/whatwg-url": {
      "version": "8.2.2",
      "resolved": "http://artifactory.corp.mongodb.com/artifactory/api/npm/npm/@types/whatwg-url/-/whatwg-url-8.2.2.tgz",
      "integrity": "sha1-dJ1bOHPoRYl62pm+REgEHUzDnmM=",
      "requires": {
        "@types/node": "*",
        "@types/webidl-conversions": "*"
      }
    },
    "base64-js": {
      "version": "1.5.1",
      "resolved": "http://artifactory.corp.mongodb.com/artifactory/api/npm/npm/base64-js/-/base64-js-1.5.1.tgz",
      "integrity": "sha1-GxtEAWClv3rUC2UPCVljSBkDkwo="
    },
    "bson": {
      "version": "4.6.5",
      "resolved": "http://artifactory.corp.mongodb.com/artifactory/api/npm/npm/bson/-/bson-4.6.5.tgz",
      "integrity": "sha1-GkEBSMIO705A1ISHigN6cDboQPs=",
      "requires": {
        "buffer": "^5.6.0"
      }
    },
    "buffer": {
      "version": "5.7.1",
      "resolved": "http://artifactory.corp.mongodb.com/artifactory/api/npm/npm/buffer/-/buffer-5.7.1.tgz",
      "integrity": "sha1-umLnwTEzBTWCGXFghRqPZI6Z7tA=",
      "requires": {
        "base64-js": "^1.3.1",
        "ieee754": "^1.1.13"
      }
    },
    "denque": {
      "version": "2.1.0",
      "resolved": "http://artifactory.corp.mongodb.com/artifactory/api/npm/npm/denque/-/denque-2.1.0.tgz",
      "integrity": "sha1-6T4aZWn7XmbxajwqKWRhfTSdarE="
    },
    "ieee754": {
      "version": "1.2.1",
      "resolved": "http://artifactory.corp.mongodb.com/artifactory/api/npm/npm/ieee754/-/ieee754-1.2.1.tgz",
      "integrity": "sha1-jrehCmP/8l0VpXsAFYbRd9Gw01I="
    },
    "ip": {
      "version": "2.0.0",
      "resolved": "http://artifactory.corp.mongodb.com/artifactory/api/npm/npm/ip/-/ip-2.0.0.tgz",
      "integrity": "sha1-TPSrGC/uIxTHXt4SdvjIC0eZNto="
    },
    "memory-pager": {
      "version": "1.5.0",
      "resolved": "http://artifactory.corp.mongodb.com/artifactory/api/npm/npm/memory-pager/-/memory-pager-1.5.0.tgz",
      "integrity": "sha1-2HUWVdItOEaCdByXLyw9bfo+ZrU=",
      "optional": true
    },
    "mongodb": {
      "version": "4.8.0",
      "resolved": "http://artifactory.corp.mongodb.com/artifactory/api/npm/npm/mongodb/-/mongodb-4.8.0.tgz",
      "integrity": "sha1-gofIW0N4HAQsJy0A/zoUO2hphnE=",
      "requires": {
        "bson": "^4.6.5",
        "denque": "^2.0.1",
        "mongodb-connection-string-url": "^2.5.2",
        "saslprep": "^1.0.3",
        "socks": "^2.6.2"
      }
    },
    "mongodb-connection-string-url": {
      "version": "2.5.2",
      "resolved": "http://artifactory.corp.mongodb.com/artifactory/api/npm/npm/mongodb-connection-string-url/-/mongodb-connection-string-url-2.5.2.tgz",
      "integrity": "sha1-8HXI1Sno05FjhgGLijlq7U8W5e0=",
      "requires": {
        "@types/whatwg-url": "^8.2.1",
        "whatwg-url": "^11.0.0"
      }
    },
    "punycode": {
      "version": "2.1.1",
      "resolved": "http://artifactory.corp.mongodb.com/artifactory/api/npm/npm/punycode/-/punycode-2.1.1.tgz",
      "integrity": "sha1-tYsBCsQMIsVldhbI0sLALHv0eew="
    },
    "saslprep": {
      "version": "1.0.3",
      "resolved": "http://artifactory.corp.mongodb.com/artifactory/api/npm/npm/saslprep/-/saslprep-1.0.3.tgz",
      "integrity": "sha1-TAL5RrVs9UKX40e6EJPnrKxM8iY=",
      "optional": true,
      "requires": {
        "sparse-bitfield": "^3.0.3"
      }
    },
    "smart-buffer": {
      "version": "4.2.0",
      "resolved": "http://artifactory.corp.mongodb.com/artifactory/api/npm/npm/smart-buffer/-/smart-buffer-4.2.0.tgz",
      "integrity": "sha1-bh1x+k8YwF99D/IW3RakgdDo2a4="
    },
    "socks": {
      "version": "2.7.0",
      "resolved": "http://artifactory.corp.mongodb.com/artifactory/api/npm/npm/socks/-/socks-2.7.0.tgz",
      "integrity": "sha1-+SJazbhB6HTcol+HDpEwmQ85E9A=",
      "requires": {
        "ip": "^2.0.0",
        "smart-buffer": "^4.2.0"
      }
    },
    "sparse-bitfield": {
      "version": "3.0.3",
      "resolved": "http://artifactory.corp.mongodb.com/artifactory/api/npm/npm/sparse-bitfield/-/sparse-bitfield-3.0.3.tgz",
      "integrity": "sha1-/0rm5oZWBWuks+eSqzM004JzyhE=",
      "optional": true,
      "requires": {
        "memory-pager": "^1.0.2"
      }
    },
    "tr46": {
      "version": "3.0.0",
      "resolved": "http://artifactory.corp.mongodb.com/artifactory/api/npm/npm/tr46/-/tr46-3.0.0.tgz",
      "integrity": "sha1-VVxOKXqVBhfo7t3vYzyH1NnWy/k=",
      "requires": {
        "punycode": "^2.1.1"
      }
    },
    "webidl-conversions": {
      "version": "7.0.0",
      "resolved": "http://artifactory.corp.mongodb.com/artifactory/api/npm/npm/webidl-conversions/-/webidl-conversions-7.0.0.tgz",
      "integrity": "sha1-JWtOGIK+feu/AdBfCqIDl3jqCAo="
    },
    "whatwg-url": {
      "version": "11.0.0",
      "resolved": "http://artifactory.corp.mongodb.com/artifactory/api/npm/npm/whatwg-url/-/whatwg-url-11.0.0.tgz",
      "integrity": "sha1-CoSe67X68hGbkBu3b9eVwoSNQBg=",
      "requires": {
        "tr46": "^3.0.0",
        "webidl-conversions": "^7.0.0"
      }
    }
  }
}
